<?xml version="1.0" encoding="UTF-8"?>
<Scheme LastUpgradeVersion = "9999" version = "1.3">
  <BuildAction parallelizeBuildables = "YES" buildImplicitDependencies = "YES">
    <BuildActionEntries>
      <BuildActionEntry buildForTesting = "YES" buildForRunning = "YES" buildForProfiling = "YES" buildForArchiving = "YES" buildForAnalyzing = "YES">
        <BuildableReference
          BuildableIdentifier = "primary"
          BuildableName = "'lib$(TARGET_NAME)'"
          BlueprintName = "Health"
          ReferencedContainer = "container:FoodServer.xcodeproj">
        </BuildableReference>
      </BuildActionEntry>
      <BuildActionEntry buildForTesting = "YES" buildForRunning = "YES" buildForProfiling = "YES" buildForArchiving = "YES" buildForAnalyzing = "YES">
        <BuildableReference
          BuildableIdentifier = "primary"
          BuildableName = "'lib$(TARGET_NAME)'"
          BlueprintName = "Application"
          ReferencedContainer = "container:FoodServer.xcodeproj">
        </BuildableReference>
      </BuildActionEntry>
      <BuildActionEntry buildForTesting = "YES" buildForRunning = "YES" buildForProfiling = "YES" buildForArchiving = "YES" buildForAnalyzing = "YES">
        <BuildableReference
          BuildableIdentifier = "primary"
          BuildableName = "'lib$(TARGET_NAME)'"
          BlueprintName = "SwiftBAMDC"
          ReferencedContainer = "container:FoodServer.xcodeproj">
        </BuildableReference>
      </BuildActionEntry>
      <BuildActionEntry buildForTesting = "YES" buildForRunning = "YES" buildForProfiling = "YES" buildForArchiving = "YES" buildForAnalyzing = "YES">
        <BuildableReference
          BuildableIdentifier = "primary"
          BuildableName = "'lib$(TARGET_NAME)'"
          BlueprintName = "CloudEnvironment"
          ReferencedContainer = "container:FoodServer.xcodeproj">
        </BuildableReference>
      </BuildActionEntry>
      <BuildActionEntry buildForTesting = "YES" buildForRunning = "YES" buildForProfiling = "YES" buildForArchiving = "YES" buildForAnalyzing = "YES">
        <BuildableReference
          BuildableIdentifier = "primary"
          BuildableName = "'lib$(TARGET_NAME)'"
          BlueprintName = "agentcore"
          ReferencedContainer = "container:FoodServer.xcodeproj">
        </BuildableReference>
      </BuildActionEntry>
      <BuildActionEntry buildForTesting = "YES" buildForRunning = "YES" buildForProfiling = "YES" buildForArchiving = "YES" buildForAnalyzing = "YES">
        <BuildableReference
          BuildableIdentifier = "primary"
          BuildableName = "'lib$(TARGET_NAME)'"
          BlueprintName = "LoggerAPI"
          ReferencedContainer = "container:FoodServer.xcodeproj">
        </BuildableReference>
      </BuildActionEntry>
      <BuildActionEntry buildForTesting = "YES" buildForRunning = "YES" buildForProfiling = "YES" buildForArchiving = "YES" buildForAnalyzing = "YES">
        <BuildableReference
          BuildableIdentifier = "primary"
          BuildableName = "'lib$(TARGET_NAME)'"
          BlueprintName = "Kitura"
          ReferencedContainer = "container:FoodServer.xcodeproj">
        </BuildableReference>
      </BuildActionEntry>
      <BuildActionEntry buildForTesting = "YES" buildForRunning = "YES" buildForProfiling = "YES" buildForArchiving = "YES" buildForAnalyzing = "YES">
        <BuildableReference
          BuildableIdentifier = "primary"
          BuildableName = "'lib$(TARGET_NAME)'"
          BlueprintName = "KituraWebSocket"
          ReferencedContainer = "container:FoodServer.xcodeproj">
        </BuildableReference>
      </BuildActionEntry>
      <BuildActionEntry buildForTesting = "YES" buildForRunning = "YES" buildForProfiling = "YES" buildForArchiving = "YES" buildForAnalyzing = "YES">
        <BuildableReference
          BuildableIdentifier = "primary"
          BuildableName = "'lib$(TARGET_NAME)'"
          BlueprintName = "KituraNet"
          ReferencedContainer = "container:FoodServer.xcodeproj">
        </BuildableReference>
      </BuildActionEntry>
      <BuildActionEntry buildForTesting = "YES" buildForRunning = "YES" buildForProfiling = "YES" buildForArchiving = "YES" buildForAnalyzing = "YES">
        <BuildableReference
          BuildableIdentifier = "primary"
          BuildableName = "'lib$(TARGET_NAME)'"
          BlueprintName = "KituraContracts"
          ReferencedContainer = "container:FoodServer.xcodeproj">
        </BuildableReference>
      </BuildActionEntry>
      <BuildActionEntry buildForTesting = "YES" buildForRunning = "YES" buildForProfiling = "YES" buildForArchiving = "YES" buildForAnalyzing = "YES">
        <BuildableReference
          BuildableIdentifier = "primary"
          BuildableName = "'lib$(TARGET_NAME)'"
          BlueprintName = "SSLService"
          ReferencedContainer = "container:FoodServer.xcodeproj">
        </BuildableReference>
      </BuildActionEntry>
      <BuildActionEntry buildForTesting = "YES" buildForRunning = "YES" buildForProfiling = "YES" buildForArchiving = "YES" buildForAnalyzing = "YES">
        <BuildableReference
          BuildableIdentifier = "primary"
          BuildableName = "'lib$(TARGET_NAME)'"
          BlueprintName = "CloudFoundryEnv"
          ReferencedContainer = "container:FoodServer.xcodeproj">
        </BuildableReference>
      </BuildActionEntry>
      <BuildActionEntry buildForTesting = "YES" buildForRunning = "YES" buildForProfiling = "YES" buildForArchiving = "YES" buildForAnalyzing = "YES">
        <BuildableReference
          BuildableIdentifier = "primary"
          BuildableName = "'lib$(TARGET_NAME)'"
          BlueprintName = "SwiftMetricsDash"
          ReferencedContainer = "container:FoodServer.xcodeproj">
        </BuildableReference>
      </BuildActionEntry>
      <BuildActionEntry buildForTesting = "YES" buildForRunning = "YES" buildForProfiling = "YES" buildForArchiving = "YES" buildForAnalyzing = "YES">
        <BuildableReference
          BuildableIdentifier = "primary"
          BuildableName = "'lib$(TARGET_NAME)'"
          BlueprintName = "SwiftyJSON"
          ReferencedContainer = "container:FoodServer.xcodeproj">
        </BuildableReference>
      </BuildActionEntry>
      <BuildActionEntry buildForTesting = "YES" buildForRunning = "YES" buildForProfiling = "YES" buildForArchiving = "YES" buildForAnalyzing = "YES">
        <BuildableReference
          BuildableIdentifier = "primary"
          BuildableName = "'lib$(TARGET_NAME)'"
          BlueprintName = "SwiftyRequest"
          ReferencedContainer = "container:FoodServer.xcodeproj">
        </BuildableReference>
      </BuildActionEntry>
      <BuildActionEntry buildForTesting = "YES" buildForRunning = "YES" buildForProfiling = "YES" buildForArchiving = "YES" buildForAnalyzing = "YES">
        <BuildableReference
          BuildableIdentifier = "primary"
          BuildableName = "'$(TARGET_NAME)'"
          BlueprintName = "FoodServer"
          ReferencedContainer = "container:FoodServer.xcodeproj">
        </BuildableReference>
      </BuildActionEntry>
      <BuildActionEntry buildForTesting = "YES" buildForRunning = "YES" buildForProfiling = "YES" buildForArchiving = "YES" buildForAnalyzing = "YES">
        <BuildableReference
          BuildableIdentifier = "primary"
          BuildableName = "'lib$(TARGET_NAME)'"
          BlueprintName = "Cryptor"
          ReferencedContainer = "container:FoodServer.xcodeproj">
        </BuildableReference>
      </BuildActionEntry>
      <BuildActionEntry buildForTesting = "YES" buildForRunning = "YES" buildForProfiling = "YES" buildForArchiving = "YES" buildForAnalyzing = "YES">
        <BuildableReference
          BuildableIdentifier = "primary"
          BuildableName = "'lib$(TARGET_NAME)'"
          BlueprintName = "KituraTemplateEngine"
          ReferencedContainer = "container:FoodServer.xcodeproj">
        </BuildableReference>
      </BuildActionEntry>
      <BuildActionEntry buildForTesting = "YES" buildForRunning = "YES" buildForProfiling = "YES" buildForArchiving = "YES" buildForAnalyzing = "YES">
        <BuildableReference
          BuildableIdentifier = "primary"
          BuildableName = "'lib$(TARGET_NAME)'"
          BlueprintName = "CHTTPParser"
          ReferencedContainer = "container:FoodServer.xcodeproj">
        </BuildableReference>
      </BuildActionEntry>
      <BuildActionEntry buildForTesting = "YES" buildForRunning = "YES" buildForProfiling = "YES" buildForArchiving = "YES" buildForAnalyzing = "YES">
        <BuildableReference
          BuildableIdentifier = "primary"
          BuildableName = "'lib$(TARGET_NAME)'"
          BlueprintName = "HeliumLogger"
          ReferencedContainer = "container:FoodServer.xcodeproj">
        </BuildableReference>
      </BuildActionEntry>
      <BuildActionEntry buildForTesting = "YES" buildForRunning = "YES" buildForProfiling = "YES" buildForArchiving = "YES" buildForAnalyzing = "YES">
        <BuildableReference
          BuildableIdentifier = "primary"
          BuildableName = "'lib$(TARGET_NAME)'"
          BlueprintName = "SwiftMetrics"
          ReferencedContainer = "container:FoodServer.xcodeproj">
        </BuildableReference>
      </BuildActionEntry>
      <BuildActionEntry buildForTesting = "YES" buildForRunning = "YES" buildForProfiling = "YES" buildForArchiving = "YES" buildForAnalyzing = "YES">
        <BuildableReference
          BuildableIdentifier = "primary"
          BuildableName = "'lib$(TARGET_NAME)'"
          BlueprintName = "memplugin"
          ReferencedContainer = "container:FoodServer.xcodeproj">
        </BuildableReference>
      </BuildActionEntry>
      <BuildActionEntry buildForTesting = "YES" buildForRunning = "YES" buildForProfiling = "YES" buildForArchiving = "YES" buildForAnalyzing = "YES">
        <BuildableReference
          BuildableIdentifier = "primary"
          BuildableName = "'lib$(TARGET_NAME)'"
          BlueprintName = "SwiftMetricsBluemix"
          ReferencedContainer = "container:FoodServer.xcodeproj">
        </BuildableReference>
      </BuildActionEntry>
      <BuildActionEntry buildForTesting = "YES" buildForRunning = "YES" buildForProfiling = "YES" buildForArchiving = "YES" buildForAnalyzing = "YES">
        <BuildableReference
          BuildableIdentifier = "primary"
          BuildableName = "'lib$(TARGET_NAME)'"
          BlueprintName = "SwiftMetricsKitura"
          ReferencedContainer = "container:FoodServer.xcodeproj">
        </BuildableReference>
      </BuildActionEntry>
      <BuildActionEntry buildForTesting = "YES" buildForRunning = "YES" buildForProfiling = "YES" buildForArchiving = "YES" buildForAnalyzing = "YES">
        <BuildableReference
          BuildableIdentifier = "primary"
          BuildableName = "'lib$(TARGET_NAME)'"
          BlueprintName = "envplugin"
          ReferencedContainer = "container:FoodServer.xcodeproj">
        </BuildableReference>
      </BuildActionEntry>
      <BuildActionEntry buildForTesting = "YES" buildForRunning = "YES" buildForProfiling = "YES" buildForArchiving = "YES" buildForAnalyzing = "YES">
        <BuildableReference
          BuildableIdentifier = "primary"
          BuildableName = "'lib$(TARGET_NAME)'"
          BlueprintName = "Socket"
          ReferencedContainer = "container:FoodServer.xcodeproj">
        </BuildableReference>
      </BuildActionEntry>
      <BuildActionEntry buildForTesting = "YES" buildForRunning = "YES" buildForProfiling = "YES" buildForArchiving = "YES" buildForAnalyzing = "YES">
        <BuildableReference
          BuildableIdentifier = "primary"
          BuildableName = "'lib$(TARGET_NAME)'"
          BlueprintName = "CircuitBreaker"
          ReferencedContainer = "container:FoodServer.xcodeproj">
        </BuildableReference>
      </BuildActionEntry>
      <BuildActionEntry buildForTesting = "YES" buildForRunning = "YES" buildForProfiling = "YES" buildForArchiving = "YES" buildForAnalyzing = "YES">
        <BuildableReference
          BuildableIdentifier = "primary"
          BuildableName = "'lib$(TARGET_NAME)'"
          BlueprintName = "SwiftMetricsPrometheus"
          ReferencedContainer = "container:FoodServer.xcodeproj">
        </BuildableReference>
      </BuildActionEntry>
      <BuildActionEntry buildForTesting = "YES" buildForRunning = "YES" buildForProfiling = "YES" buildForArchiving = "YES" buildForAnalyzing = "YES">
        <BuildableReference
          BuildableIdentifier = "primary"
          BuildableName = "'lib$(TARGET_NAME)'"
          BlueprintName = "FileKit"
          ReferencedContainer = "container:FoodServer.xcodeproj">
        </BuildableReference>
      </BuildActionEntry>
      <BuildActionEntry buildForTesting = "YES" buildForRunning = "YES" buildForProfiling = "YES" buildForArchiving = "YES" buildForAnalyzing = "YES">
        <BuildableReference
          BuildableIdentifier = "primary"
          BuildableName = "'lib$(TARGET_NAME)'"
          BlueprintName = "hcapiplugin"
          ReferencedContainer = "container:FoodServer.xcodeproj">
        </BuildableReference>
      </BuildActionEntry>
      <BuildActionEntry buildForTesting = "YES" buildForRunning = "YES" buildForProfiling = "YES" buildForArchiving = "YES" buildForAnalyzing = "YES">
        <BuildableReference
          BuildableIdentifier = "primary"
          BuildableName = "'lib$(TARGET_NAME)'"
          BlueprintName = "Configuration"
          ReferencedContainer = "container:FoodServer.xcodeproj">
        </BuildableReference>
      </BuildActionEntry>
      <BuildActionEntry buildForTesting = "YES" buildForRunning = "YES" buildForProfiling = "YES" buildForArchiving = "YES" buildForAnalyzing = "YES">
        <BuildableReference
          BuildableIdentifier = "primary"
          BuildableName = "'lib$(TARGET_NAME)'"
          BlueprintName = "cpuplugin"
          ReferencedContainer = "container:FoodServer.xcodeproj">
        </BuildableReference>
      </BuildActionEntry>
    </BuildActionEntries>
  </BuildAction>
  <TestAction
    buildConfiguration = "Debug"
    selectedDebuggerIdentifier = "Xcode.DebuggerFoundation.Debugger.LLDB"
    selectedLauncherIdentifier = "Xcode.DebuggerFoundation.Launcher.LLDB"
    shouldUseLaunchSchemeArgsEnv = "YES"
    codeCoverageEnabled = "NO">
    <Testables>
    <TestableReference
      skipped = "NO">
      <BuildableReference
        BuildableIdentifier = "primary"
        BuildableName = "'$(TARGET_NAME)'"
        BlueprintName = "ApplicationTests"
        ReferencedContainer = "container:FoodServer.xcodeproj">
      </BuildableReference>
    </TestableReference>
    </Testables>
  </TestAction>
</Scheme>
